
Microsoft Visual Studio Solution File, Format Version 12.00
# Visual Studio Version 17
VisualStudioVersion = 17.4.33403.182
MinimumVisualStudioVersion = 10.0.40219.1
Project("{FAE04EC0-301F-11D3-BF4B-00C04F79EFBC}") = "coreWCF", "coreWCF\coreWCF.csproj", "{3A563E30-E45A-466D-9310-C897EC7F414B}"
EndProject
Global
	GlobalSection(SolutionConfigurationPlatforms) = preSolution
		Debug|Any CPU = Debug|Any CPU
		Release|Any CPU = Release|Any CPU
	EndGlobalSection
	GlobalSection(ProjectConfigurationPlatforms) = postSolution
		{3A563E30-E45A-466D-9310-C897EC7F414B}.Debug|Any CPU.ActiveCfg = Debug|Any CPU
		{3A563E30-E45A-466D-9310-C897EC7F414B}.Debug|Any CPU.Build.0 = Debug|Any CPU
		{3A563E30-E45A-466D-9310-C897EC7F414B}.Release|Any CPU.ActiveCfg = Release|Any CPU
		{3A563E30-E45A-466D-9310-C897EC7F414B}.Release|Any CPU.Build.0 = Release|Any CPU
	EndGlobalSection
	GlobalSection(SolutionProperties) = preSolution
		HideSolutionNode = FALSE
	EndGlobalSection
	GlobalSection(ExtensibilityGlobals) = postSolution
		SolutionGuid = {6D0A6C69-E3DE-49E8-8799-19B3EF8FDB2E}
	EndGlobalSection
EndGlobal
